
Microsoft Visual Studio Solution File, Format Version 12.00
# Visual Studio Version 17
VisualStudioVersion = 17.2.32516.85
MinimumVisualStudioVersion = 10.0.40219.1
Project("{9A19103F-16F7-4668-BE54-9A1E7A4F7556}") = "BC.Problems", "BC.Problems\BC.Problems.csproj", "{20DDB726-93DB-4899-9EEF-BF2D63C53CD2}"
EndProject
Global
	GlobalSection(SolutionConfigurationPlatforms) = preSolution
		Debug|Any CPU = Debug|Any CPU
		Release|Any CPU = Release|Any CPU
	EndGlobalSection
	GlobalSection(ProjectConfigurationPlatforms) = postSolution
		{20DDB726-93DB-4899-9EEF-BF2D63C53CD2}.Debug|Any CPU.ActiveCfg = Debug|Any CPU
		{20DDB726-93DB-4899-9EEF-BF2D63C53CD2}.Debug|Any CPU.Build.0 = Debug|Any CPU
		{20DDB726-93DB-4899-9EEF-BF2D63C53CD2}.Release|Any CPU.ActiveCfg = Release|Any CPU
		{20DDB726-93DB-4899-9EEF-BF2D63C53CD2}.Release|Any CPU.Build.0 = Release|Any CPU
	EndGlobalSection
	GlobalSection(SolutionProperties) = preSolution
		HideSolutionNode = FALSE
	EndGlobalSection
	GlobalSection(ExtensibilityGlobals) = postSolution
		SolutionGuid = {C62FB25A-340E-41AB-8E33-1E87101EE277}
	EndGlobalSection
EndGlobal
